
Microsoft Visual Studio Solution File, Format Version 12.00
# Visual Studio Version 17
VisualStudioVersion = 17.0.31613.370
MinimumVisualStudioVersion = 10.0.40219.1
Project("{FAE04EC0-301F-11D3-BF4B-00C04F79EFBC}") = "FormsApp", "FormsApp\FormsApp\FormsApp.csproj", "{E55A0C98-95B3-4264-853A-263FE168A46F}"
EndProject
Project("{FAE04EC0-301F-11D3-BF4B-00C04F79EFBC}") = "FormsApp.Android", "FormsApp\FormsApp.Android\FormsApp.Android.csproj", "{476AC29E-FA9C-457F-BAC7-C8A0F860AB2C}"
EndProject
Project("{FAE04EC0-301F-11D3-BF4B-00C04F79EFBC}") = "FormsApp.iOS", "FormsApp\FormsApp.iOS\FormsApp.iOS.csproj", "{5C937912-3BAD-4548-BFF7-0AF2438D89A6}"
EndProject
Global
	GlobalSection(SolutionConfigurationPlatforms) = preSolution
		Debug|Any CPU = Debug|Any CPU
		Debug|iPhone = Debug|iPhone
		Debug|iPhoneSimulator = Debug|iPhoneSimulator
		Release|Any CPU = Release|Any CPU
		Release|iPhone = Release|iPhone
		Release|iPhoneSimulator = Release|iPhoneSimulator
	EndGlobalSection
	GlobalSection(ProjectConfigurationPlatforms) = postSolution
		{E55A0C98-95B3-4264-853A-263FE168A46F}.Debug|Any CPU.ActiveCfg = Debug|Any CPU
		{E55A0C98-95B3-4264-853A-263FE168A46F}.Debug|Any CPU.Build.0 = Debug|Any CPU
		{E55A0C98-95B3-4264-853A-263FE168A46F}.Debug|Any CPU.Deploy.0 = Debug|Any CPU
		{E55A0C98-95B3-4264-853A-263FE168A46F}.Debug|iPhone.ActiveCfg = Debug|Any CPU
		{E55A0C98-95B3-4264-853A-263FE168A46F}.Debug|iPhone.Build.0 = Debug|Any CPU
		{E55A0C98-95B3-4264-853A-263FE168A46F}.Debug|iPhone.Deploy.0 = Debug|Any CPU
		{E55A0C98-95B3-4264-853A-263FE168A46F}.Debug|iPhoneSimulator.ActiveCfg = Debug|Any CPU
		{E55A0C98-95B3-4264-853A-263FE168A46F}.Debug|iPhoneSimulator.Build.0 = Debug|Any CPU
		{E55A0C98-95B3-4264-853A-263FE168A46F}.Debug|iPhoneSimulator.Deploy.0 = Debug|Any CPU
		{E55A0C98-95B3-4264-853A-263FE168A46F}.Release|Any CPU.ActiveCfg = Release|Any CPU
		{E55A0C98-95B3-4264-853A-263FE168A46F}.Release|Any CPU.Build.0 = Release|Any CPU
		{E55A0C98-95B3-4264-853A-263FE168A46F}.Release|Any CPU.Deploy.0 = Release|Any CPU
		{E55A0C98-95B3-4264-853A-263FE168A46F}.Release|iPhone.ActiveCfg = Release|Any CPU
		{E55A0C98-95B3-4264-853A-263FE168A46F}.Release|iPhone.Build.0 = Release|Any CPU
		{E55A0C98-95B3-4264-853A-263FE168A46F}.Release|iPhone.Deploy.0 = Release|Any CPU
		{E55A0C98-95B3-4264-853A-263FE168A46F}.Release|iPhoneSimulator.ActiveCfg = Release|Any CPU
		{E55A0C98-95B3-4264-853A-263FE168A46F}.Release|iPhoneSimulator.Build.0 = Release|Any CPU
		{E55A0C98-95B3-4264-853A-263FE168A46F}.Release|iPhoneSimulator.Deploy.0 = Release|Any CPU
		{476AC29E-FA9C-457F-BAC7-C8A0F860AB2C}.Debug|Any CPU.ActiveCfg = Debug|Any CPU
		{476AC29E-FA9C-457F-BAC7-C8A0F860AB2C}.Debug|Any CPU.Build.0 = Debug|Any CPU
		{476AC29E-FA9C-457F-BAC7-C8A0F860AB2C}.Debug|Any CPU.Deploy.0 = Debug|Any CPU
		{476AC29E-FA9C-457F-BAC7-C8A0F860AB2C}.Debug|iPhone.ActiveCfg = Debug|Any CPU
		{476AC29E-FA9C-457F-BAC7-C8A0F860AB2C}.Debug|iPhone.Build.0 = Debug|Any CPU
		{476AC29E-FA9C-457F-BAC7-C8A0F860AB2C}.Debug|iPhone.Deploy.0 = Debug|Any CPU
		{476AC29E-FA9C-457F-BAC7-C8A0F860AB2C}.Debug|iPhoneSimulator.ActiveCfg = Debug|Any CPU
		{476AC29E-FA9C-457F-BAC7-C8A0F860AB2C}.Debug|iPhoneSimulator.Build.0 = Debug|Any CPU
		{476AC29E-FA9C-457F-BAC7-C8A0F860AB2C}.Debug|iPhoneSimulator.Deploy.0 = Debug|Any CPU
		{476AC29E-FA9C-457F-BAC7-C8A0F860AB2C}.Release|Any CPU.ActiveCfg = Release|Any CPU
		{476AC29E-FA9C-457F-BAC7-C8A0F860AB2C}.Release|Any CPU.Build.0 = Release|Any CPU
		{476AC29E-FA9C-457F-BAC7-C8A0F860AB2C}.Release|Any CPU.Deploy.0 = Release|Any CPU
		{476AC29E-FA9C-457F-BAC7-C8A0F860AB2C}.Release|iPhone.ActiveCfg = Release|Any CPU
		{476AC29E-FA9C-457F-BAC7-C8A0F860AB2C}.Release|iPhone.Build.0 = Release|Any CPU
		{476AC29E-FA9C-457F-BAC7-C8A0F860AB2C}.Release|iPhone.Deploy.0 = Release|Any CPU
		{476AC29E-FA9C-457F-BAC7-C8A0F860AB2C}.Release|iPhoneSimulator.ActiveCfg = Release|Any CPU
		{476AC29E-FA9C-457F-BAC7-C8A0F860AB2C}.Release|iPhoneSimulator.Build.0 = Release|Any CPU
		{476AC29E-FA9C-457F-BAC7-C8A0F860AB2C}.Release|iPhoneSimulator.Deploy.0 = Release|Any CPU
		{5C937912-3BAD-4548-BFF7-0AF2438D89A6}.Debug|Any CPU.ActiveCfg = Debug|iPhone
		{5C937912-3BAD-4548-BFF7-0AF2438D89A6}.Debug|Any CPU.Build.0 = Debug|iPhone
		{5C937912-3BAD-4548-BFF7-0AF2438D89A6}.Debug|Any CPU.Deploy.0 = Debug|iPhone
		{5C937912-3BAD-4548-BFF7-0AF2438D89A6}.Debug|iPhone.ActiveCfg = Debug|iPhone
		{5C937912-3BAD-4548-BFF7-0AF2438D89A6}.Debug|iPhone.Build.0 = Debug|iPhone
		{5C937912-3BAD-4548-BFF7-0AF2438D89A6}.Debug|iPhone.Deploy.0 = Debug|iPhone
		{5C937912-3BAD-4548-BFF7-0AF2438D89A6}.Debug|iPhoneSimulator.ActiveCfg = Debug|iPhoneSimulator
		{5C937912-3BAD-4548-BFF7-0AF2438D89A6}.Debug|iPhoneSimulator.Build.0 = Debug|iPhoneSimulator
		{5C937912-3BAD-4548-BFF7-0AF2438D89A6}.Debug|iPhoneSimulator.Deploy.0 = Debug|iPhoneSimulator
		{5C937912-3BAD-4548-BFF7-0AF2438D89A6}.Release|Any CPU.ActiveCfg = Release|iPhoneSimulator
		{5C937912-3BAD-4548-BFF7-0AF2438D89A6}.Release|Any CPU.Build.0 = Release|iPhoneSimulator
		{5C937912-3BAD-4548-BFF7-0AF2438D89A6}.Release|Any CPU.Deploy.0 = Release|iPhoneSimulator
		{5C937912-3BAD-4548-BFF7-0AF2438D89A6}.Release|iPhone.ActiveCfg = Release|iPhone
		{5C937912-3BAD-4548-BFF7-0AF2438D89A6}.Release|iPhone.Build.0 = Release|iPhone
		{5C937912-3BAD-4548-BFF7-0AF2438D89A6}.Release|iPhone.Deploy.0 = Release|iPhone
		{5C937912-3BAD-4548-BFF7-0AF2438D89A6}.Release|iPhoneSimulator.ActiveCfg = Release|iPhoneSimulator
		{5C937912-3BAD-4548-BFF7-0AF2438D89A6}.Release|iPhoneSimulator.Build.0 = Release|iPhoneSimulator
		{5C937912-3BAD-4548-BFF7-0AF2438D89A6}.Release|iPhoneSimulator.Deploy.0 = Release|iPhoneSimulator
	EndGlobalSection
	GlobalSection(SolutionProperties) = preSolution
		HideSolutionNode = FALSE
	EndGlobalSection
	GlobalSection(ExtensibilityGlobals) = postSolution
		SolutionGuid = {40848F97-9EF9-466A-A4E1-50B33D7F1F0B}
	EndGlobalSection
EndGlobal
